
Microsoft Visual Studio Solution File, Format Version 12.00
# Visual Studio 15
VisualStudioVersion = 15.0.27428.2002
MinimumVisualStudioVersion = 10.0.40219.1
Project("{FAE04EC0-301F-11D3-BF4B-00C04F79EFBC}") = "SQLTableComparison", "SQLTableComparison\SQLTableComparison.csproj", "{97A1D589-31F4-4939-9F15-31394C07EA7F}"
EndProject
Project("{2150E333-8FDC-42A3-9474-1A3956D46DE8}") = "Tests", "Tests", "{B5DADA3B-7C44-457E-98E0-2E9DB4620810}"
EndProject
Project("{FAE04EC0-301F-11D3-BF4B-00C04F79EFBC}") = "ConnectionTests", "ConnectionTests\ConnectionTests.csproj", "{1197CB22-1008-415C-8561-2F77802CE1EC}"
EndProject
Project("{FAE04EC0-301F-11D3-BF4B-00C04F79EFBC}") = "Logic", "Logic\Logic.csproj", "{2AF91010-D16B-429D-90E4-5EE510016484}"
EndProject
Global
	GlobalSection(SolutionConfigurationPlatforms) = preSolution
		Debug|Any CPU = Debug|Any CPU
		Debug|ARM = Debug|ARM
		Debug|x64 = Debug|x64
		Debug|x86 = Debug|x86
		Release|Any CPU = Release|Any CPU
		Release|ARM = Release|ARM
		Release|x64 = Release|x64
		Release|x86 = Release|x86
	EndGlobalSection
	GlobalSection(ProjectConfigurationPlatforms) = postSolution
		{97A1D589-31F4-4939-9F15-31394C07EA7F}.Debug|Any CPU.ActiveCfg = Debug|Any CPU
		{97A1D589-31F4-4939-9F15-31394C07EA7F}.Debug|Any CPU.Build.0 = Debug|Any CPU
		{97A1D589-31F4-4939-9F15-31394C07EA7F}.Debug|ARM.ActiveCfg = Debug|Any CPU
		{97A1D589-31F4-4939-9F15-31394C07EA7F}.Debug|ARM.Build.0 = Debug|Any CPU
		{97A1D589-31F4-4939-9F15-31394C07EA7F}.Debug|x64.ActiveCfg = Debug|Any CPU
		{97A1D589-31F4-4939-9F15-31394C07EA7F}.Debug|x64.Build.0 = Debug|Any CPU
		{97A1D589-31F4-4939-9F15-31394C07EA7F}.Debug|x86.ActiveCfg = Debug|Any CPU
		{97A1D589-31F4-4939-9F15-31394C07EA7F}.Debug|x86.Build.0 = Debug|Any CPU
		{97A1D589-31F4-4939-9F15-31394C07EA7F}.Release|Any CPU.ActiveCfg = Release|Any CPU
		{97A1D589-31F4-4939-9F15-31394C07EA7F}.Release|Any CPU.Build.0 = Release|Any CPU
		{97A1D589-31F4-4939-9F15-31394C07EA7F}.Release|ARM.ActiveCfg = Release|Any CPU
		{97A1D589-31F4-4939-9F15-31394C07EA7F}.Release|ARM.Build.0 = Release|Any CPU
		{97A1D589-31F4-4939-9F15-31394C07EA7F}.Release|x64.ActiveCfg = Release|Any CPU
		{97A1D589-31F4-4939-9F15-31394C07EA7F}.Release|x64.Build.0 = Release|Any CPU
		{97A1D589-31F4-4939-9F15-31394C07EA7F}.Release|x86.ActiveCfg = Release|Any CPU
		{97A1D589-31F4-4939-9F15-31394C07EA7F}.Release|x86.Build.0 = Release|Any CPU
		{1197CB22-1008-415C-8561-2F77802CE1EC}.Debug|Any CPU.ActiveCfg = Debug|x86
		{1197CB22-1008-415C-8561-2F77802CE1EC}.Debug|ARM.ActiveCfg = Debug|ARM
		{1197CB22-1008-415C-8561-2F77802CE1EC}.Debug|ARM.Build.0 = Debug|ARM
		{1197CB22-1008-415C-8561-2F77802CE1EC}.Debug|ARM.Deploy.0 = Debug|ARM
		{1197CB22-1008-415C-8561-2F77802CE1EC}.Debug|x64.ActiveCfg = Debug|x64
		{1197CB22-1008-415C-8561-2F77802CE1EC}.Debug|x64.Build.0 = Debug|x64
		{1197CB22-1008-415C-8561-2F77802CE1EC}.Debug|x64.Deploy.0 = Debug|x64
		{1197CB22-1008-415C-8561-2F77802CE1EC}.Debug|x86.ActiveCfg = Debug|x86
		{1197CB22-1008-415C-8561-2F77802CE1EC}.Debug|x86.Build.0 = Debug|x86
		{1197CB22-1008-415C-8561-2F77802CE1EC}.Debug|x86.Deploy.0 = Debug|x86
		{1197CB22-1008-415C-8561-2F77802CE1EC}.Release|Any CPU.ActiveCfg = Release|x86
		{1197CB22-1008-415C-8561-2F77802CE1EC}.Release|ARM.ActiveCfg = Release|ARM
		{1197CB22-1008-415C-8561-2F77802CE1EC}.Release|ARM.Build.0 = Release|ARM
		{1197CB22-1008-415C-8561-2F77802CE1EC}.Release|ARM.Deploy.0 = Release|ARM
		{1197CB22-1008-415C-8561-2F77802CE1EC}.Release|x64.ActiveCfg = Release|x64
		{1197CB22-1008-415C-8561-2F77802CE1EC}.Release|x64.Build.0 = Release|x64
		{1197CB22-1008-415C-8561-2F77802CE1EC}.Release|x64.Deploy.0 = Release|x64
		{1197CB22-1008-415C-8561-2F77802CE1EC}.Release|x86.ActiveCfg = Release|x86
		{1197CB22-1008-415C-8561-2F77802CE1EC}.Release|x86.Build.0 = Release|x86
		{1197CB22-1008-415C-8561-2F77802CE1EC}.Release|x86.Deploy.0 = Release|x86
		{2AF91010-D16B-429D-90E4-5EE510016484}.Debug|Any CPU.ActiveCfg = Debug|Any CPU
		{2AF91010-D16B-429D-90E4-5EE510016484}.Debug|Any CPU.Build.0 = Debug|Any CPU
		{2AF91010-D16B-429D-90E4-5EE510016484}.Debug|ARM.ActiveCfg = Debug|Any CPU
		{2AF91010-D16B-429D-90E4-5EE510016484}.Debug|ARM.Build.0 = Debug|Any CPU
		{2AF91010-D16B-429D-90E4-5EE510016484}.Debug|x64.ActiveCfg = Debug|Any CPU
		{2AF91010-D16B-429D-90E4-5EE510016484}.Debug|x64.Build.0 = Debug|Any CPU
		{2AF91010-D16B-429D-90E4-5EE510016484}.Debug|x86.ActiveCfg = Debug|Any CPU
		{2AF91010-D16B-429D-90E4-5EE510016484}.Debug|x86.Build.0 = Debug|Any CPU
		{2AF91010-D16B-429D-90E4-5EE510016484}.Release|Any CPU.ActiveCfg = Release|Any CPU
		{2AF91010-D16B-429D-90E4-5EE510016484}.Release|Any CPU.Build.0 = Release|Any CPU
		{2AF91010-D16B-429D-90E4-5EE510016484}.Release|ARM.ActiveCfg = Release|Any CPU
		{2AF91010-D16B-429D-90E4-5EE510016484}.Release|ARM.Build.0 = Release|Any CPU
		{2AF91010-D16B-429D-90E4-5EE510016484}.Release|x64.ActiveCfg = Release|Any CPU
		{2AF91010-D16B-429D-90E4-5EE510016484}.Release|x64.Build.0 = Release|Any CPU
		{2AF91010-D16B-429D-90E4-5EE510016484}.Release|x86.ActiveCfg = Release|Any CPU
		{2AF91010-D16B-429D-90E4-5EE510016484}.Release|x86.Build.0 = Release|Any CPU
	EndGlobalSection
	GlobalSection(SolutionProperties) = preSolution
		HideSolutionNode = FALSE
	EndGlobalSection
	GlobalSection(NestedProjects) = preSolution
		{1197CB22-1008-415C-8561-2F77802CE1EC} = {B5DADA3B-7C44-457E-98E0-2E9DB4620810}
	EndGlobalSection
	GlobalSection(ExtensibilityGlobals) = postSolution
		SolutionGuid = {BFDC985F-83E3-41CF-B08E-5DF779BC3B35}
	EndGlobalSection
EndGlobal
